// !$*UTF8*$!
{
	archiveVersion = 1;
	classes = {
	};
	objectVersion = 56;
	objects = {

/* Begin PBXBuildFile section */
		EE0AE1BD2BCD666E00DDE267 /* AppDelegate.swift in Sources */ = {isa = PBXBuildFile; fileRef = EE0AE1BC2BCD666E00DDE267 /* AppDelegate.swift */; };
		EE0AE1BF2BCD666E00DDE267 /* SceneDelegate.swift in Sources */ = {isa = PBXBuildFile; fileRef = EE0AE1BE2BCD666E00DDE267 /* SceneDelegate.swift */; };
		EE0AE1C12BCD666E00DDE267 /* ViewController.swift in Sources */ = {isa = PBXBuildFile; fileRef = EE0AE1C02BCD666E00DDE267 /* ViewController.swift */; };
		EE0AE1C42BCD666E00DDE267 /* Main.storyboard in Resources */ = {isa = PBXBuildFile; fileRef = EE0AE1C22BCD666E00DDE267 /* Main.storyboard */; };
		EE0AE1C62BCD667000DDE267 /* Assets.xcassets in Resources */ = {isa = PBXBuildFile; fileRef = EE0AE1C52BCD667000DDE267 /* Assets.xcassets */; };
		EE0AE1C92BCD667000DDE267 /* LaunchScreen.storyboard in Resources */ = {isa = PBXBuildFile; fileRef = EE0AE1C72BCD667000DDE267 /* LaunchScreen.storyboard */; };
		EE0AE1D42BCD667000DDE267 /* OnlySchoolTests.swift in Sources */ = {isa = PBXBuildFile; fileRef = EE0AE1D32BCD667000DDE267 /* OnlySchoolTests.swift */; };
		EE0AE1DE2BCD667000DDE267 /* OnlySchoolUITests.swift in Sources */ = {isa = PBXBuildFile; fileRef = EE0AE1DD2BCD667000DDE267 /* OnlySchoolUITests.swift */; };
		EE0AE1E02BCD667000DDE267 /* OnlySchoolUITestsLaunchTests.swift in Sources */ = {isa = PBXBuildFile; fileRef = EE0AE1DF2BCD667000DDE267 /* OnlySchoolUITestsLaunchTests.swift */; };
/* End PBXBuildFile section */

/* Begin PBXContainerItemProxy section */
		EE0AE1D02BCD667000DDE267 /* PBXContainerItemProxy */ = {
			isa = PBXContainerItemProxy;
			containerPortal = EE0AE1B12BCD666E00DDE267 /* Project object */;
			proxyType = 1;
			remoteGlobalIDString = EE0AE1B82BCD666E00DDE267;
			remoteInfo = OnlySchool;
		};
		EE0AE1DA2BCD667000DDE267 /* PBXContainerItemProxy */ = {
			isa = PBXContainerItemProxy;
			containerPortal = EE0AE1B12BCD666E00DDE267 /* Project object */;
			proxyType = 1;
			remoteGlobalIDString = EE0AE1B82BCD666E00DDE267;
			remoteInfo = OnlySchool;
		};
/* End PBXContainerItemProxy section */

/* Begin PBXFileReference section */
		EE0AE1B92BCD666E00DDE267 /* OnlySchool.app */ = {isa = PBXFileReference; explicitFileType = wrapper.application; includeInIndex = 0; path = OnlySchool.app; sourceTree = BUILT_PRODUCTS_DIR; };
		EE0AE1BC2BCD666E00DDE267 /* AppDelegate.swift */ = {isa = PBXFileReference; lastKnownFileType = sourcecode.swift; path = AppDelegate.swift; sourceTree = "<group>"; };
		EE0AE1BE2BCD666E00DDE267 /* SceneDelegate.swift */ = {isa = PBXFileReference; lastKnownFileType = sourcecode.swift; path = SceneDelegate.swift; sourceTree = "<group>"; };
		EE0AE1C02BCD666E00DDE267 /* ViewController.swift */ = {isa = PBXFileReference; lastKnownFileType = sourcecode.swift; path = ViewController.swift; sourceTree = "<group>"; };
		EE0AE1C32BCD666E00DDE267 /* Base */ = {isa = PBXFileReference; lastKnownFileType = file.storyboard; name = Base; path = Base.lproj/Main.storyboard; sourceTree = "<group>"; };
		EE0AE1C52BCD667000DDE267 /* Assets.xcassets */ = {isa = PBXFileReference; lastKnownFileType = folder.assetcatalog; path = Assets.xcassets; sourceTree = "<group>"; };
		EE0AE1C82BCD667000DDE267 /* Base */ = {isa = PBXFileReference; lastKnownFileType = file.storyboard; name = Base; path = Base.lproj/LaunchScreen.storyboard; sourceTree = "<group>"; };
		EE0AE1CA2BCD667000DDE267 /* Info.plist */ = {isa = PBXFileReference; lastKnownFileType = text.plist.xml; path = Info.plist; sourceTree = "<group>"; };
		EE0AE1CF2BCD667000DDE267 /* OnlySchoolTests.xctest */ = {isa = PBXFileReference; explicitFileType = wrapper.cfbundle; includeInIndex = 0; path = OnlySchoolTests.xctest; sourceTree = BUILT_PRODUCTS_DIR; };
		EE0AE1D32BCD667000DDE267 /* OnlySchoolTests.swift */ = {isa = PBXFileReference; lastKnownFileType = sourcecode.swift; path = OnlySchoolTests.swift; sourceTree = "<group>"; };
		EE0AE1D92BCD667000DDE267 /* OnlySchoolUITests.xctest */ = {isa = PBXFileReference; explicitFileType = wrapper.cfbundle; includeInIndex = 0; path = OnlySchoolUITests.xctest; sourceTree = BUILT_PRODUCTS_DIR; };
		EE0AE1DD2BCD667000DDE267 /* OnlySchoolUITests.swift */ = {isa = PBXFileReference; lastKnownFileType = sourcecode.swift; path = OnlySchoolUITests.swift; sourceTree = "<group>"; };
		EE0AE1DF2BCD667000DDE267 /* OnlySchoolUITestsLaunchTests.swift */ = {isa = PBXFileReference; lastKnownFileType = sourcecode.swift; path = OnlySchoolUITestsLaunchTests.swift; sourceTree = "<group>"; };
/* End PBXFileReference section */

/* Begin PBXFrameworksBuildPhase section */
		EE0AE1B62BCD666E00DDE267 /* Frameworks */ = {
			isa = PBXFrameworksBuildPhase;
			buildActionMask = 2147483647;
			files = (
			);
			runOnlyForDeploymentPostprocessing = 0;
		};
		EE0AE1CC2BCD667000DDE267 /* Frameworks */ = {
			isa = PBXFrameworksBuildPhase;
			buildActionMask = 2147483647;
			files = (
			);
			runOnlyForDeploymentPostprocessing = 0;
		};
		EE0AE1D62BCD667000DDE267 /* Frameworks */ = {
			isa = PBXFrameworksBuildPhase;
			buildActionMask = 2147483647;
			files = (
			);
			runOnlyForDeploymentPostprocessing = 0;
		};
/* End PBXFrameworksBuildPhase section */

/* Begin PBXGroup section */
		EE0AE1B02BCD666E00DDE267 = {
			isa = PBXGroup;
			children = (
				EE0AE1BB2BCD666E00DDE267 /* OnlySchool */,
				EE0AE1D22BCD667000DDE267 /* OnlySchoolTests */,
				EE0AE1DC2BCD667000DDE267 /* OnlySchoolUITests */,
				EE0AE1BA2BCD666E00DDE267 /* Products */,
			);
			sourceTree = "<group>";
		};
		EE0AE1BA2BCD666E00DDE267 /* Products */ = {
			isa = PBXGroup;
			children = (
				EE0AE1B92BCD666E00DDE267 /* OnlySchool.app */,
				EE0AE1CF2BCD667000DDE267 /* OnlySchoolTests.xctest */,
				EE0AE1D92BCD667000DDE267 /* OnlySchoolUITests.xctest */,
			);
			name = Products;
			sourceTree = "<group>";
		};
		EE0AE1BB2BCD666E00DDE267 /* OnlySchool */ = {
			isa = PBXGroup;
			children = (
				EE0AE1BC2BCD666E00DDE267 /* AppDelegate.swift */,
				EE0AE1BE2BCD666E00DDE267 /* SceneDelegate.swift */,
				EE0AE1C02BCD666E00DDE267 /* ViewController.swift */,
				EE0AE1C22BCD666E00DDE267 /* Main.storyboard */,
				EE0AE1C52BCD667000DDE267 /* Assets.xcassets */,
				EE0AE1C72BCD667000DDE267 /* LaunchScreen.storyboard */,
				EE0AE1CA2BCD667000DDE267 /* Info.plist */,
			);
			path = OnlySchool;
			sourceTree = "<group>";
		};
		EE0AE1D22BCD667000DDE267 /* OnlySchoolTests */ = {
			isa = PBXGroup;
			children = (
				EE0AE1D32BCD667000DDE267 /* OnlySchoolTests.swift */,
			);
			path = OnlySchoolTests;
			sourceTree = "<group>";
		};
		EE0AE1DC2BCD667000DDE267 /* OnlySchoolUITests */ = {
			isa = PBXGroup;
			children = (
				EE0AE1DD2BCD667000DDE267 /* OnlySchoolUITests.swift */,
				EE0AE1DF2BCD667000DDE267 /* OnlySchoolUITestsLaunchTests.swift */,
			);
			path = OnlySchoolUITests;
			sourceTree = "<group>";
		};
/* End PBXGroup section */

/* Begin PBXNativeTarget section */
		EE0AE1B82BCD666E00DDE267 /* OnlySchool */ = {
			isa = PBXNativeTarget;
			buildConfigurationList = EE0AE1E32BCD667000DDE267 /* Build configuration list for PBXNativeTarget "OnlySchool" */;
			buildPhases = (
				EE0AE1B52BCD666E00DDE267 /* Sources */,
				EE0AE1B62BCD666E00DDE267 /* Frameworks */,
				EE0AE1B72BCD666E00DDE267 /* Resources */,
			);
			buildRules = (
			);
			dependencies = (
			);
			name = OnlySchool;
			productName = OnlySchool;
			productReference = EE0AE1B92BCD666E00DDE267 /* OnlySchool.app */;
			productType = "com.apple.product-type.application";
		};
		EE0AE1CE2BCD667000DDE267 /* OnlySchoolTests */ = {
			isa = PBXNativeTarget;
			buildConfigurationList = EE0AE1E62BCD667000DDE267 /* Build configuration list for PBXNativeTarget "OnlySchoolTests" */;
			buildPhases = (
				EE0AE1CB2BCD667000DDE267 /* Sources */,
				EE0AE1CC2BCD667000DDE267 /* Frameworks */,
				EE0AE1CD2BCD667000DDE267 /* Resources */,
			);
			buildRules = (
			);
			dependencies = (
				EE0AE1D12BCD667000DDE267 /* PBXTargetDependency */,
			);
			name = OnlySchoolTests;
			productName = OnlySchoolTests;
			productReference = EE0AE1CF2BCD667000DDE267 /* OnlySchoolTests.xctest */;
			productType = "com.apple.product-type.bundle.unit-test";
		};
		EE0AE1D82BCD667000DDE267 /* OnlySchoolUITests */ = {
			isa = PBXNativeTarget;
			buildConfigurationList = EE0AE1E92BCD667000DDE267 /* Build configuration list for PBXNativeTarget "OnlySchoolUITests" */;
			buildPhases = (
				EE0AE1D52BCD667000DDE267 /* Sources */,
				EE0AE1D62BCD667000DDE267 /* Frameworks */,
				EE0AE1D72BCD667000DDE267 /* Resources */,
			);
			buildRules = (
			);
			dependencies = (
				EE0AE1DB2BCD667000DDE267 /* PBXTargetDependency */,
			);
			name = OnlySchoolUITests;
			productName = OnlySchoolUITests;
			productReference = EE0AE1D92BCD667000DDE267 /* OnlySchoolUITests.xctest */;
			productType = "com.apple.product-type.bundle.ui-testing";
		};
/* End PBXNativeTarget section */

/* Begin PBXProject section */
		EE0AE1B12BCD666E00DDE267 /* Project object */ = {
			isa = PBXProject;
			attributes = {
				BuildIndependentTargetsInParallel = 1;
				LastSwiftUpdateCheck = 1430;
				LastUpgradeCheck = 1430;
				TargetAttributes = {
					EE0AE1B82BCD666E00DDE267 = {
						CreatedOnToolsVersion = 14.3.1;
					};
					EE0AE1CE2BCD667000DDE267 = {
						CreatedOnToolsVersion = 14.3.1;
						TestTargetID = EE0AE1B82BCD666E00DDE267;
					};
					EE0AE1D82BCD667000DDE267 = {
						CreatedOnToolsVersion = 14.3.1;
						TestTargetID = EE0AE1B82BCD666E00DDE267;
					};
				};
			};
			buildConfigurationList = EE0AE1B42BCD666E00DDE267 /* Build configuration list for PBXProject "OnlySchool" */;
			compatibilityVersion = "Xcode 14.0";
			developmentRegion = en;
			hasScannedForEncodings = 0;
			knownRegions = (
				en,
				Base,
			);
			mainGroup = EE0AE1B02BCD666E00DDE267;
			productRefGroup = EE0AE1BA2BCD666E00DDE267 /* Products */;
			projectDirPath = "";
			projectRoot = "";
			targets = (
				EE0AE1B82BCD666E00DDE267 /* OnlySchool */,
				EE0AE1CE2BCD667000DDE267 /* OnlySchoolTests */,
				EE0AE1D82BCD667000DDE267 /* OnlySchoolUITests */,
			);
		};
/* End PBXProject section */

/* Begin PBXResourcesBuildPhase section */
		EE0AE1B72BCD666E00DDE267 /* Resources */ = {
			isa = PBXResourcesBuildPhase;
			buildActionMask = 2147483647;
			files = (
				EE0AE1C92BCD667000DDE267 /* LaunchScreen.storyboard in Resources */,
				EE0AE1C62BCD667000DDE267 /* Assets.xcassets in Resources */,
				EE0AE1C42BCD666E00DDE267 /* Main.storyboard in Resources */,
			);
			runOnlyForDeploymentPostprocessing = 0;
		};
		EE0AE1CD2BCD667000DDE267 /* Resources */ = {
			isa = PBXResourcesBuildPhase;
			buildActionMask = 2147483647;
			files = (
			);
			runOnlyForDeploymentPostprocessing = 0;
		};
		EE0AE1D72BCD667000DDE267 /* Resources */ = {
			isa = PBXResourcesBuildPhase;
			buildActionMask = 2147483647;
			files = (
			);
			runOnlyForDeploymentPostprocessing = 0;
		};
/* End PBXResourcesBuildPhase section */

/* Begin PBXSourcesBuildPhase section */
		EE0AE1B52BCD666E00DDE267 /* Sources */ = {
			isa = PBXSourcesBuildPhase;
			buildActionMask = 2147483647;
			files = (
				EE0AE1C12BCD666E00DDE267 /* ViewController.swift in Sources */,
				EE0AE1BD2BCD666E00DDE267 /* AppDelegate.swift in Sources */,
				EE0AE1BF2BCD666E00DDE267 /* SceneDelegate.swift in Sources */,
			);
			runOnlyForDeploymentPostprocessing = 0;
		};
		EE0AE1CB2BCD667000DDE267 /* Sources */ = {
			isa = PBXSourcesBuildPhase;
			buildActionMask = 2147483647;
			files = (
				EE0AE1D42BCD667000DDE267 /* OnlySchoolTests.swift in Sources */,
			);
			runOnlyForDeploymentPostprocessing = 0;
		};
		EE0AE1D52BCD667000DDE267 /* Sources */ = {
			isa = PBXSourcesBuildPhase;
			buildActionMask = 2147483647;
			files = (
				EE0AE1E02BCD667000DDE267 /* OnlySchoolUITestsLaunchTests.swift in Sources */,
				EE0AE1DE2BCD667000DDE267 /* OnlySchoolUITests.swift in Sources */,
			);
			runOnlyForDeploymentPostprocessing = 0;
		};
/* End PBXSourcesBuildPhase section */

/* Begin PBXTargetDependency section */
		EE0AE1D12BCD667000DDE267 /* PBXTargetDependency */ = {
			isa = PBXTargetDependency;
			target = EE0AE1B82BCD666E00DDE267 /* OnlySchool */;
			targetProxy = EE0AE1D02BCD667000DDE267 /* PBXContainerItemProxy */;
		};
		EE0AE1DB2BCD667000DDE267 /* PBXTargetDependency */ = {
			isa = PBXTargetDependency;
			target = EE0AE1B82BCD666E00DDE267 /* OnlySchool */;
			targetProxy = EE0AE1DA2BCD667000DDE267 /* PBXContainerItemProxy */;
		};
/* End PBXTargetDependency section */

/* Begin PBXVariantGroup section */
		EE0AE1C22BCD666E00DDE267 /* Main.storyboard */ = {
			isa = PBXVariantGroup;
			children = (
				EE0AE1C32BCD666E00DDE267 /* Base */,
			);
			name = Main.storyboard;
			sourceTree = "<group>";
		};
		EE0AE1C72BCD667000DDE267 /* LaunchScreen.storyboard */ = {
			isa = PBXVariantGroup;
			children = (
				EE0AE1C82BCD667000DDE267 /* Base */,
			);
			name = LaunchScreen.storyboard;
			sourceTree = "<group>";
		};
/* End PBXVariantGroup section */

/* Begin XCBuildConfiguration section */
		EE0AE1E12BCD667000DDE267 /* Debug */ = {
			isa = XCBuildConfiguration;
			buildSettings = {
				ALWAYS_SEARCH_USER_PATHS = NO;
				CLANG_ANALYZER_NONNULL = YES;
				CLANG_ANALYZER_NUMBER_OBJECT_CONVERSION = YES_AGGRESSIVE;
				CLANG_CXX_LANGUAGE_STANDARD = "gnu++20";
				CLANG_ENABLE_MODULES = YES;
				CLANG_ENABLE_OBJC_ARC = YES;
				CLANG_ENABLE_OBJC_WEAK = YES;
				CLANG_WARN_BLOCK_CAPTURE_AUTORELEASING = YES;
				CLANG_WARN_BOOL_CONVERSION = YES;
				CLANG_WARN_COMMA = YES;
				CLANG_WARN_CONSTANT_CONVERSION = YES;
				CLANG_WARN_DEPRECATED_OBJC_IMPLEMENTATIONS = YES;
				CLANG_WARN_DIRECT_OBJC_ISA_USAGE = YES_ERROR;
				CLANG_WARN_DOCUMENTATION_COMMENTS = YES;
				CLANG_WARN_EMPTY_BODY = YES;
				CLANG_WARN_ENUM_CONVERSION = YES;
				CLANG_WARN_INFINITE_RECURSION = YES;
				CLANG_WARN_INT_CONVERSION = YES;
				CLANG_WARN_NON_LITERAL_NULL_CONVERSION = YES;
				CLANG_WARN_OBJC_IMPLICIT_RETAIN_SELF = YES;
				CLANG_WARN_OBJC_LITERAL_CONVERSION = YES;
				CLANG_WARN_OBJC_ROOT_CLASS = YES_ERROR;
				CLANG_WARN_QUOTED_INCLUDE_IN_FRAMEWORK_HEADER = YES;
				CLANG_WARN_RANGE_LOOP_ANALYSIS = YES;
				CLANG_WARN_STRICT_PROTOTYPES = YES;
				CLANG_WARN_SUSPICIOUS_MOVE = YES;
				CLANG_WARN_UNGUARDED_AVAILABILITY = YES_AGGRESSIVE;
				CLANG_WARN_UNREACHABLE_CODE = YES;
				CLANG_WARN__DUPLICATE_METHOD_MATCH = YES;
				COPY_PHASE_STRIP = NO;
				DEBUG_INFORMATION_FORMAT = dwarf;
				ENABLE_STRICT_OBJC_MSGSEND = YES;
				ENABLE_TESTABILITY = YES;
				GCC_C_LANGUAGE_STANDARD = gnu11;
				GCC_DYNAMIC_NO_PIC = NO;
				GCC_NO_COMMON_BLOCKS = YES;
				GCC_OPTIMIZATION_LEVEL = 0;
				GCC_PREPROCESSOR_DEFINITIONS = (
					"DEBUG=1",
					"$(inherited)",
				);
				GCC_WARN_64_TO_32_BIT_CONVERSION = YES;
				GCC_WARN_ABOUT_RETURN_TYPE = YES_ERROR;
				GCC_WARN_UNDECLARED_SELECTOR = YES;
				GCC_WARN_UNINITIALIZED_AUTOS = YES_AGGRESSIVE;
				GCC_WARN_UNUSED_FUNCTION = YES;
				GCC_WARN_UNUSED_VARIABLE = YES;
				IPHONEOS_DEPLOYMENT_TARGET = 16.4;
				MTL_ENABLE_DEBUG_INFO = INCLUDE_SOURCE;
				MTL_FAST_MATH = YES;
				ONLY_ACTIVE_ARCH = YES;
				SDKROOT = iphoneos;
				SWIFT_ACTIVE_COMPILATION_CONDITIONS = DEBUG;
				SWIFT_OPTIMIZATION_LEVEL = "-Onone";
			};
			name = Debug;
		};
		EE0AE1E22BCD667000DDE267 /* Release */ = {
			isa = XCBuildConfiguration;
			buildSettings = {
				ALWAYS_SEARCH_USER_PATHS = NO;
				CLANG_ANALYZER_NONNULL = YES;
				CLANG_ANALYZER_NUMBER_OBJECT_CONVERSION = YES_AGGRESSIVE;
				CLANG_CXX_LANGUAGE_STANDARD = "gnu++20";
				CLANG_ENABLE_MODULES = YES;
				CLANG_ENABLE_OBJC_ARC = YES;
				CLANG_ENABLE_OBJC_WEAK = YES;
				CLANG_WARN_BLOCK_CAPTURE_AUTORELEASING = YES;
				CLANG_WARN_BOOL_CONVERSION = YES;
				CLANG_WARN_COMMA = YES;
				CLANG_WARN_CONSTANT_CONVERSION = YES;
				CLANG_WARN_DEPRECATED_OBJC_IMPLEMENTATIONS = YES;
				CLANG_WARN_DIRECT_OBJC_ISA_USAGE = YES_ERROR;
				CLANG_WARN_DOCUMENTATION_COMMENTS = YES;
				CLANG_WARN_EMPTY_BODY = YES;
				CLANG_WARN_ENUM_CONVERSION = YES;
				CLANG_WARN_INFINITE_RECURSION = YES;
				CLANG_WARN_INT_CONVERSION = YES;
				CLANG_WARN_NON_LITERAL_NULL_CONVERSION = YES;
				CLANG_WARN_OBJC_IMPLICIT_RETAIN_SELF = YES;
				CLANG_WARN_OBJC_LITERAL_CONVERSION = YES;
				CLANG_WARN_OBJC_ROOT_CLASS = YES_ERROR;
				CLANG_WARN_QUOTED_INCLUDE_IN_FRAMEWORK_HEADER = YES;
				CLANG_WARN_RANGE_LOOP_ANALYSIS = YES;
				CLANG_WARN_STRICT_PROTOTYPES = YES;
				CLANG_WARN_SUSPICIOUS_MOVE = YES;
				CLANG_WARN_UNGUARDED_AVAILABILITY = YES_AGGRESSIVE;
				CLANG_WARN_UNREACHABLE_CODE = YES;
				CLANG_WARN__DUPLICATE_METHOD_MATCH = YES;
				COPY_PHASE_STRIP = NO;
				DEBUG_INFORMATION_FORMAT = "dwarf-with-dsym";
				ENABLE_NS_ASSERTIONS = NO;
				ENABLE_STRICT_OBJC_MSGSEND = YES;
				GCC_C_LANGUAGE_STANDARD = gnu11;
				GCC_NO_COMMON_BLOCKS = YES;
				GCC_WARN_64_TO_32_BIT_CONVERSION = YES;
				GCC_WARN_ABOUT_RETURN_TYPE = YES_ERROR;
				GCC_WARN_UNDECLARED_SELECTOR = YES;
				GCC_WARN_UNINITIALIZED_AUTOS = YES_AGGRESSIVE;
				GCC_WARN_UNUSED_FUNCTION = YES;
				GCC_WARN_UNUSED_VARIABLE = YES;
				IPHONEOS_DEPLOYMENT_TARGET = 16.4;
				MTL_ENABLE_DEBUG_INFO = NO;
				MTL_FAST_MATH = YES;
				SDKROOT = iphoneos;
				SWIFT_COMPILATION_MODE = wholemodule;
				SWIFT_OPTIMIZATION_LEVEL = "-O";
				VALIDATE_PRODUCT = YES;
			};
			name = Release;
		};
		EE0AE1E42BCD667000DDE267 /* Debug */ = {
			isa = XCBuildConfiguration;
			buildSettings = {
				ASSETCATALOG_COMPILER_APPICON_NAME = AppIcon;
				ASSETCATALOG_COMPILER_GLOBAL_ACCENT_COLOR_NAME = AccentColor;
				CODE_SIGN_STYLE = Automatic;
				CURRENT_PROJECT_VERSION = 1;
				DEVELOPMENT_TEAM = 8G52W4UACZ;
				GENERATE_INFOPLIST_FILE = YES;
				INFOPLIST_FILE = OnlySchool/Info.plist;
				INFOPLIST_KEY_UIApplicationSupportsIndirectInputEvents = YES;
				INFOPLIST_KEY_UILaunchStoryboardName = LaunchScreen;
				INFOPLIST_KEY_UIMainStoryboardFile = Main;
				INFOPLIST_KEY_UISupportedInterfaceOrientations_iPad = "UIInterfaceOrientationPortrait UIInterfaceOrientationPortraitUpsideDown UIInterfaceOrientationLandscapeLeft UIInterfaceOrientationLandscapeRight";
				INFOPLIST_KEY_UISupportedInterfaceOrientations_iPhone = "UIInterfaceOrientationPortrait UIInterfaceOrientationLandscapeLeft UIInterfaceOrientationLandscapeRight";
				LD_RUNPATH_SEARCH_PATHS = (
					"$(inherited)",
					"@executable_path/Frameworks",
				);
				MARKETING_VERSION = 1.0;
				PRODUCT_BUNDLE_IDENTIFIER = com.ting.OnlySchool;
				PRODUCT_NAME = "$(TARGET_NAME)";
				SWIFT_EMIT_LOC_STRINGS = YES;
				SWIFT_VERSION = 5.0;
				TARGETED_DEVICE_FAMILY = "1,2";
			};
			name = Debug;
		};
		EE0AE1E52BCD667000DDE267 /* Release */ = {
			isa = XCBuildConfiguration;
			buildSettings = {
				ASSETCATALOG_COMPILER_APPICON_NAME = AppIcon;
				ASSETCATALOG_COMPILER_GLOBAL_ACCENT_COLOR_NAME = AccentColor;
				CODE_SIGN_STYLE = Automatic;
				CURRENT_PROJECT_VERSION = 1;
				DEVELOPMENT_TEAM = 8G52W4UACZ;
				GENERATE_INFOPLIST_FILE = YES;
				INFOPLIST_FILE = OnlySchool/Info.plist;
				INFOPLIST_KEY_UIApplicationSupportsIndirectInputEvents = YES;
				INFOPLIST_KEY_UILaunchStoryboardName = LaunchScreen;
				INFOPLIST_KEY_UIMainStoryboardFile = Main;
				INFOPLIST_KEY_UISupportedInterfaceOrientations_iPad = "UIInterfaceOrientationPortrait UIInterfaceOrientationPortraitUpsideDown UIInterfaceOrientationLandscapeLeft UIInterfaceOrientationLandscapeRight";
				INFOPLIST_KEY_UISupportedInterfaceOrientations_iPhone = "UIInterfaceOrientationPortrait UIInterfaceOrientationLandscapeLeft UIInterfaceOrientationLandscapeRight";
				LD_RUNPATH_SEARCH_PATHS = (
					"$(inherited)",
					"@executable_path/Frameworks",
				);
				MARKETING_VERSION = 1.0;
				PRODUCT_BUNDLE_IDENTIFIER = com.ting.OnlySchool;
				PRODUCT_NAME = "$(TARGET_NAME)";
				SWIFT_EMIT_LOC_STRINGS = YES;
				SWIFT_VERSION = 5.0;
				TARGETED_DEVICE_FAMILY = "1,2";
			};
			name = Release;
		};
		EE0AE1E72BCD667000DDE267 /* Debug */ = {
			isa = XCBuildConfiguration;
			buildSettings = {
				ALWAYS_EMBED_SWIFT_STANDARD_LIBRARIES = YES;
				BUNDLE_LOADER = "$(TEST_HOST)";
				CODE_SIGN_STYLE = Automatic;
				CURRENT_PROJECT_VERSION = 1;
				DEVELOPMENT_TEAM = 8G52W4UACZ;
				GENERATE_INFOPLIST_FILE = YES;
				IPHONEOS_DEPLOYMENT_TARGET = 16.4;
				MARKETING_VERSION = 1.0;
				PRODUCT_BUNDLE_IDENTIFIER = com.ting.OnlySchoolTests;
				PRODUCT_NAME = "$(TARGET_NAME)";
				SWIFT_EMIT_LOC_STRINGS = NO;
				SWIFT_VERSION = 5.0;
				TARGETED_DEVICE_FAMILY = "1,2";
				TEST_HOST = "$(BUILT_PRODUCTS_DIR)/OnlySchool.app/$(BUNDLE_EXECUTABLE_FOLDER_PATH)/OnlySchool";
			};
			name = Debug;
		};
		EE0AE1E82BCD667000DDE267 /* Release */ = {
			isa = XCBuildConfiguration;
			buildSettings = {
				ALWAYS_EMBED_SWIFT_STANDARD_LIBRARIES = YES;
				BUNDLE_LOADER = "$(TEST_HOST)";
				CODE_SIGN_STYLE = Automatic;
				CURRENT_PROJECT_VERSION = 1;
				DEVELOPMENT_TEAM = 8G52W4UACZ;
				GENERATE_INFOPLIST_FILE = YES;
				IPHONEOS_DEPLOYMENT_TARGET = 16.4;
				MARKETING_VERSION = 1.0;
				PRODUCT_BUNDLE_IDENTIFIER = com.ting.OnlySchoolTests;
				PRODUCT_NAME = "$(TARGET_NAME)";
				SWIFT_EMIT_LOC_STRINGS = NO;
				SWIFT_VERSION = 5.0;
				TARGETED_DEVICE_FAMILY = "1,2";
				TEST_HOST = "$(BUILT_PRODUCTS_DIR)/OnlySchool.app/$(BUNDLE_EXECUTABLE_FOLDER_PATH)/OnlySchool";
			};
			name = Release;
		};
		EE0AE1EA2BCD667000DDE267 /* Debug */ = {
			isa = XCBuildConfiguration;
			buildSettings = {
				ALWAYS_EMBED_SWIFT_STANDARD_LIBRARIES = YES;
				CODE_SIGN_STYLE = Automatic;
				CURRENT_PROJECT_VERSION = 1;
				DEVELOPMENT_TEAM = 8G52W4UACZ;
				GENERATE_INFOPLIST_FILE = YES;
				MARKETING_VERSION = 1.0;
				PRODUCT_BUNDLE_IDENTIFIER = com.ting.OnlySchoolUITests;
				PRODUCT_NAME = "$(TARGET_NAME)";
				SWIFT_EMIT_LOC_STRINGS = NO;
				SWIFT_VERSION = 5.0;
				TARGETED_DEVICE_FAMILY = "1,2";
				TEST_TARGET_NAME = OnlySchool;
			};
			name = Debug;
		};
		EE0AE1EB2BCD667000DDE267 /* Release */ = {
			isa = XCBuildConfiguration;
			buildSettings = {
				ALWAYS_EMBED_SWIFT_STANDARD_LIBRARIES = YES;
				CODE_SIGN_STYLE = Automatic;
				CURRENT_PROJECT_VERSION = 1;
				DEVELOPMENT_TEAM = 8G52W4UACZ;
				GENERATE_INFOPLIST_FILE = YES;
				MARKETING_VERSION = 1.0;
				PRODUCT_BUNDLE_IDENTIFIER = com.ting.OnlySchoolUITests;
				PRODUCT_NAME = "$(TARGET_NAME)";
				SWIFT_EMIT_LOC_STRINGS = NO;
				SWIFT_VERSION = 5.0;
				TARGETED_DEVICE_FAMILY = "1,2";
				TEST_TARGET_NAME = OnlySchool;
			};
			name = Release;
		};
/* End XCBuildConfiguration section */

/* Begin XCConfigurationList section */
		EE0AE1B42BCD666E00DDE267 /* Build configuration list for PBXProject "OnlySchool" */ = {
			isa = XCConfigurationList;
			buildConfigurations = (
				EE0AE1E12BCD667000DDE267 /* Debug */,
				EE0AE1E22BCD667000DDE267 /* Release */,
			);
			defaultConfigurationIsVisible = 0;
			defaultConfigurationName = Release;
		};
		EE0AE1E32BCD667000DDE267 /* Build configuration list for PBXNativeTarget "OnlySchool" */ = {
			isa = XCConfigurationList;
			buildConfigurations = (
				EE0AE1E42BCD667000DDE267 /* Debug */,
				EE0AE1E52BCD667000DDE267 /* Release */,
			);
			defaultConfigurationIsVisible = 0;
			defaultConfigurationName = Release;
		};
		EE0AE1E62BCD667000DDE267 /* Build configuration list for PBXNativeTarget "OnlySchoolTests" */ = {
			isa = XCConfigurationList;
			buildConfigurations = (
				EE0AE1E72BCD667000DDE267 /* Debug */,
				EE0AE1E82BCD667000DDE267 /* Release */,
			);
			defaultConfigurationIsVisible = 0;
			defaultConfigurationName = Release;
		};
		EE0AE1E92BCD667000DDE267 /* Build configuration list for PBXNativeTarget "OnlySchoolUITests" */ = {
			isa = XCConfigurationList;
			buildConfigurations = (
				EE0AE1EA2BCD667000DDE267 /* Debug */,
				EE0AE1EB2BCD667000DDE267 /* Release */,
			);
			defaultConfigurationIsVisible = 0;
			defaultConfigurationName = Release;
		};
/* End XCConfigurationList section */
	};
	rootObject = EE0AE1B12BCD666E00DDE267 /* Project object */;
}
